
Microsoft Visual Studio Solution File, Format Version 12.00
# Visual Studio 15
VisualStudioVersion = 15.0.28307.136
MinimumVisualStudioVersion = 10.0.40219.1
Project("{FAE04EC0-301F-11D3-BF4B-00C04F79EFBC}") = "Server", "Server\Server.csproj", "{582BD955-5C4D-4F7D-9219-FF0239B7158C}"
EndProject
Project("{FAE04EC0-301F-11D3-BF4B-00C04F79EFBC}") = "Shared", "Shared\Shared.csproj", "{14AC9A50-72F6-42D5-8270-B9E6A53791E1}"
EndProject
Global
	GlobalSection(SolutionConfigurationPlatforms) = preSolution
		Debug|Any CPU = Debug|Any CPU
		Release|Any CPU = Release|Any CPU
	EndGlobalSection
	GlobalSection(ProjectConfigurationPlatforms) = postSolution
		{582BD955-5C4D-4F7D-9219-FF0239B7158C}.Debug|Any CPU.ActiveCfg = Debug|Any CPU
		{582BD955-5C4D-4F7D-9219-FF0239B7158C}.Debug|Any CPU.Build.0 = Debug|Any CPU
		{582BD955-5C4D-4F7D-9219-FF0239B7158C}.Release|Any CPU.ActiveCfg = Release|Any CPU
		{582BD955-5C4D-4F7D-9219-FF0239B7158C}.Release|Any CPU.Build.0 = Release|Any CPU
		{14AC9A50-72F6-42D5-8270-B9E6A53791E1}.Debug|Any CPU.ActiveCfg = Debug|Any CPU
		{14AC9A50-72F6-42D5-8270-B9E6A53791E1}.Debug|Any CPU.Build.0 = Debug|Any CPU
		{14AC9A50-72F6-42D5-8270-B9E6A53791E1}.Release|Any CPU.ActiveCfg = Release|Any CPU
		{14AC9A50-72F6-42D5-8270-B9E6A53791E1}.Release|Any CPU.Build.0 = Release|Any CPU
	EndGlobalSection
	GlobalSection(SolutionProperties) = preSolution
		HideSolutionNode = FALSE
	EndGlobalSection
	GlobalSection(ExtensibilityGlobals) = postSolution
		SolutionGuid = {92B156AB-2723-4256-964B-10E5AA8F6E73}
	EndGlobalSection
EndGlobal
